<?xml version="1.0" encoding="utf-8"?>
<Project ToolsVersion="4.0" xmlns="http://schemas.microsoft.com/developer/msbuild/2003">
  <ItemGroup>
    <Filter Include="Pliki źródłowe">
      <UniqueIdentifier>{4FC737F1-C7A5-4376-A066-2A32D752A2FF}</UniqueIdentifier>
      <Extensions>cpp;c;cc;cxx;c++;cppm;ixx;def;odl;idl;hpj;bat;asm;asmx</Extensions>
    </Filter>
    <Filter Include="Pliki nagłówkowe">
      <UniqueIdentifier>{93995380-89BD-4b04-88EB-625FBE52EBFB}</UniqueIdentifier>
      <Extensions>h;hh;hpp;hxx;h++;hm;inl;inc;ipp;xsd</Extensions>
    </Filter>
    <Filter Include="Pliki zasobów">
      <UniqueIdentifier>{67DA6AB6-F800-4c08-8B7A-83BB121AAD01}</UniqueIdentifier>
      <Extensions>rc;ico;cur;bmp;dlg;rc2;rct;bin;rgs;gif;jpg;jpeg;jpe;resx;tiff;tif;png;wav;mfcribbon-ms</Extensions>
    </Filter>
    <Filter Include="Pliki nagłówkowe\Response">
      <UniqueIdentifier>{225d39ef-b483-42d3-8ba9-8ca07205bdf5}</UniqueIdentifier>
    </Filter>
    <Filter Include="Pliki nagłówkowe\TCPServer">
      <UniqueIdentifier>{865a6c56-7a66-4c8d-a35b-2c0bbdf6c46f}</UniqueIdentifier>
    </Filter>
    <Filter Include="Pliki nagłówkowe\DataHandler">
      <UniqueIdentifier>{ffa2a0c6-74e5-4fce-82f4-48d04cc004bb}</UniqueIdentifier>
    </Filter>
  </ItemGroup>
  <ItemGroup>
    <ClCompile Include="NetDataReceiver.cpp">
      <Filter>Pliki źródłowe</Filter>
    </ClCompile>
    <ClCompile Include="TCPServer.cpp">
      <Filter>Pliki nagłówkowe\TCPServer</Filter>
    </ClCompile>
  </ItemGroup>
  <ItemGroup>
    <ClInclude Include="Response.h">
      <Filter>Pliki nagłówkowe\Response</Filter>
    </ClInclude>
    <ClInclude Include="TCPServer.h">
      <Filter>Pliki nagłówkowe\TCPServer</Filter>
    </ClInclude>
    <ClInclude Include="DataHandler.h">
      <Filter>Pliki nagłówkowe\DataHandler</Filter>
    </ClInclude>
  </ItemGroup>
</Project>